
Microsoft Visual Studio Solution File, Format Version 12.00
# Visual Studio Version 17
VisualStudioVersion = 17.5.2.0
MinimumVisualStudioVersion = 10.0.40219.1
Project("{FAE04EC0-301F-11D3-BF4B-00C04F79EFBC}") = "Refeitorio.Application", "Refeitorio.Application\Refeitorio.Application.csproj", "{158C6715-2C8A-5FA0-33DE-9C5C5D48E9F0}"
EndProject
Project("{FAE04EC0-301F-11D3-BF4B-00C04F79EFBC}") = "Refeitorio.Infrastructure", "Refeitorio.Infrastructure\Refeitorio.Infrastructure.csproj", "{2A9D6AAC-170D-A71C-F050-684ABE8EAB7B}"
EndProject
Project("{FAE04EC0-301F-11D3-BF4B-00C04F79EFBC}") = "Refeitorio.Core", "Refeitorio.Core\Refeitorio.Core.csproj", "{CAF40DD2-EC54-4333-9D29-CB5DFEEB2974}"
EndProject
Global
	GlobalSection(SolutionConfigurationPlatforms) = preSolution
		Debug|Any CPU = Debug|Any CPU
		Debug|x64 = Debug|x64
		Debug|x86 = Debug|x86
		Release|Any CPU = Release|Any CPU
		Release|x64 = Release|x64
		Release|x86 = Release|x86
	EndGlobalSection
	GlobalSection(ProjectConfigurationPlatforms) = postSolution
		{158C6715-2C8A-5FA0-33DE-9C5C5D48E9F0}.Debug|Any CPU.ActiveCfg = Debug|Any CPU
		{158C6715-2C8A-5FA0-33DE-9C5C5D48E9F0}.Debug|Any CPU.Build.0 = Debug|Any CPU
		{158C6715-2C8A-5FA0-33DE-9C5C5D48E9F0}.Debug|x64.ActiveCfg = Debug|Any CPU
		{158C6715-2C8A-5FA0-33DE-9C5C5D48E9F0}.Debug|x64.Build.0 = Debug|Any CPU
		{158C6715-2C8A-5FA0-33DE-9C5C5D48E9F0}.Debug|x86.ActiveCfg = Debug|Any CPU
		{158C6715-2C8A-5FA0-33DE-9C5C5D48E9F0}.Debug|x86.Build.0 = Debug|Any CPU
		{158C6715-2C8A-5FA0-33DE-9C5C5D48E9F0}.Release|Any CPU.ActiveCfg = Release|Any CPU
		{158C6715-2C8A-5FA0-33DE-9C5C5D48E9F0}.Release|Any CPU.Build.0 = Release|Any CPU
		{158C6715-2C8A-5FA0-33DE-9C5C5D48E9F0}.Release|x64.ActiveCfg = Release|Any CPU
		{158C6715-2C8A-5FA0-33DE-9C5C5D48E9F0}.Release|x64.Build.0 = Release|Any CPU
		{158C6715-2C8A-5FA0-33DE-9C5C5D48E9F0}.Release|x86.ActiveCfg = Release|Any CPU
		{158C6715-2C8A-5FA0-33DE-9C5C5D48E9F0}.Release|x86.Build.0 = Release|Any CPU
		{2A9D6AAC-170D-A71C-F050-684ABE8EAB7B}.Debug|Any CPU.ActiveCfg = Debug|Any CPU
		{2A9D6AAC-170D-A71C-F050-684ABE8EAB7B}.Debug|Any CPU.Build.0 = Debug|Any CPU
		{2A9D6AAC-170D-A71C-F050-684ABE8EAB7B}.Debug|x64.ActiveCfg = Debug|Any CPU
		{2A9D6AAC-170D-A71C-F050-684ABE8EAB7B}.Debug|x64.Build.0 = Debug|Any CPU
		{2A9D6AAC-170D-A71C-F050-684ABE8EAB7B}.Debug|x86.ActiveCfg = Debug|Any CPU
		{2A9D6AAC-170D-A71C-F050-684ABE8EAB7B}.Debug|x86.Build.0 = Debug|Any CPU
		{2A9D6AAC-170D-A71C-F050-684ABE8EAB7B}.Release|Any CPU.ActiveCfg = Release|Any CPU
		{2A9D6AAC-170D-A71C-F050-684ABE8EAB7B}.Release|Any CPU.Build.0 = Release|Any CPU
		{2A9D6AAC-170D-A71C-F050-684ABE8EAB7B}.Release|x64.ActiveCfg = Release|Any CPU
		{2A9D6AAC-170D-A71C-F050-684ABE8EAB7B}.Release|x64.Build.0 = Release|Any CPU
		{2A9D6AAC-170D-A71C-F050-684ABE8EAB7B}.Release|x86.ActiveCfg = Release|Any CPU
		{2A9D6AAC-170D-A71C-F050-684ABE8EAB7B}.Release|x86.Build.0 = Release|Any CPU
		{CAF40DD2-EC54-4333-9D29-CB5DFEEB2974}.Debug|Any CPU.ActiveCfg = Debug|Any CPU
		{CAF40DD2-EC54-4333-9D29-CB5DFEEB2974}.Debug|Any CPU.Build.0 = Debug|Any CPU
		{CAF40DD2-EC54-4333-9D29-CB5DFEEB2974}.Debug|x64.ActiveCfg = Debug|Any CPU
		{CAF40DD2-EC54-4333-9D29-CB5DFEEB2974}.Debug|x64.Build.0 = Debug|Any CPU
		{CAF40DD2-EC54-4333-9D29-CB5DFEEB2974}.Debug|x86.ActiveCfg = Debug|Any CPU
		{CAF40DD2-EC54-4333-9D29-CB5DFEEB2974}.Debug|x86.Build.0 = Debug|Any CPU
		{CAF40DD2-EC54-4333-9D29-CB5DFEEB2974}.Release|Any CPU.ActiveCfg = Release|Any CPU
		{CAF40DD2-EC54-4333-9D29-CB5DFEEB2974}.Release|Any CPU.Build.0 = Release|Any CPU
		{CAF40DD2-EC54-4333-9D29-CB5DFEEB2974}.Release|x64.ActiveCfg = Release|Any CPU
		{CAF40DD2-EC54-4333-9D29-CB5DFEEB2974}.Release|x64.Build.0 = Release|Any CPU
		{CAF40DD2-EC54-4333-9D29-CB5DFEEB2974}.Release|x86.ActiveCfg = Release|Any CPU
		{CAF40DD2-EC54-4333-9D29-CB5DFEEB2974}.Release|x86.Build.0 = Release|Any CPU
	EndGlobalSection
	GlobalSection(SolutionProperties) = preSolution
		HideSolutionNode = FALSE
	EndGlobalSection
	GlobalSection(ExtensibilityGlobals) = postSolution
		SolutionGuid = {A94B5AB1-06BB-4A96-B71D-61EEAB6AE602}
	EndGlobalSection
EndGlobal
